<?xml version="1.0" encoding="UTF-8" standalone="yes" ?>
<CodeBlocks_project_file>
	<FileVersion major="1" minor="6" />
	<Project>
		<Option title="Edytor5" />
		<Option pch_mode="2" />
		<Option compiler="gcc" />
		<Build>
			<Target title="Debug">
				<Option output="bin/Debug/Edytor4" prefix_auto="1" extension_auto="1" />
				<Option object_output="obj/Debug/" />
				<Option type="0" />
				<Option compiler="gcc" />
				<Compiler>
					<Add option="-g" />
					<Add directory="include" />
				</Compiler>
				<Linker>
					<Add library="C:/Program Files (x86)/CodeBlocks/MinGW/lib/libmsimg32.a" />
				</Linker>
			</Target>
			<Target title="Release">
				<Option output="bin/Release/Edytor4" prefix_auto="1" extension_auto="1" />
				<Option object_output="obj/Release/" />
				<Option type="0" />
				<Option compiler="gcc" />
				<Compiler>
					<Add option="-O2" />
					<Add directory="include" />
				</Compiler>
				<Linker>
					<Add option="-s" />
					<Add library="C:/Program Files (x86)/CodeBlocks/MinGW/lib/libgdi32.a" />
					<Add library="C:/Program Files (x86)/CodeBlocks/MinGW/lib/libmsimg32.a" />
					<Add library="C:/Program Files (x86)/CodeBlocks/MinGW/lib/libgdiplus.a" />
					<Add library="C:/Program Files (x86)/CodeBlocks/MinGW/lib/libole32.a" />
				</Linker>
			</Target>
		</Build>
		<Compiler>
			<Add option="-Wall" />
		</Compiler>
		<Linker>
			<Add library="gdi32" />
			<Add library="user32" />
			<Add library="kernel32" />
			<Add library="comctl32" />
		</Linker>
		<Unit filename="DIALOG_NEW.cpp" />
		<Unit filename="DIALOG_NEW.h" />
		<Unit filename="DIALOG_NEW.rc">
			<Option compilerVar="WINDRES" />
		</Unit>
		<Unit filename="HSLvsRGB.h" />
		<Unit filename="include/CColorPalete.h" />
		<Unit filename="include/CEditor.h" />
		<Unit filename="include/CFigure.h" />
		<Unit filename="include/CMenu.h" />
		<Unit filename="include/CPaintBuffer.h" />
		<Unit filename="include/CPaintTools.h" />
		<Unit filename="include/CShapesTool.h" />
		<Unit filename="include/CWindowEvents.h" />
		<Unit filename="main.cpp" />
		<Unit filename="src/CColorPalete.cpp" />
		<Unit filename="src/CEditor.cpp" />
		<Unit filename="src/CFigure.cpp" />
		<Unit filename="src/CMenu.cpp" />
		<Unit filename="src/CPaintBuffer.cpp" />
		<Unit filename="src/CPaintTools.cpp" />
		<Unit filename="src/CShapesTool.cpp" />
		<Unit filename="src/CWindowEvents.cpp" />
		<Unit filename="stdafx.cpp" />
		<Unit filename="stdafx.h" />
		<Extensions>
			<code_completion />
			<envvars />
			<debugger />
			<lib_finder disable_auto="1" />
		</Extensions>
	</Project>
</CodeBlocks_project_file>
